
Microsoft Visual Studio Solution File, Format Version 12.00
# Visual Studio 15
VisualStudioVersion = 15.0.28307.1062
MinimumVisualStudioVersion = 10.0.40219.1
Project("{9A19103F-16F7-4668-BE54-9A1E7A4F7556}") = "Server", "Server.csproj", "{E6662ABD-5FE1-4EA8-A16C-6D1ADDB6901D}"
EndProject
Project("{FAE04EC0-301F-11D3-BF4B-00C04F79EFBC}") = "Models", "..\Models\Models.csproj", "{C2D88812-B907-47B1-AB33-7F6AEF9A4A65}"
EndProject
Global
	GlobalSection(SolutionConfigurationPlatforms) = preSolution
		Debug|Any CPU = Debug|Any CPU
		Release|Any CPU = Release|Any CPU
	EndGlobalSection
	GlobalSection(ProjectConfigurationPlatforms) = postSolution
		{E6662ABD-5FE1-4EA8-A16C-6D1ADDB6901D}.Debug|Any CPU.ActiveCfg = Debug|Any CPU
		{E6662ABD-5FE1-4EA8-A16C-6D1ADDB6901D}.Debug|Any CPU.Build.0 = Debug|Any CPU
		{E6662ABD-5FE1-4EA8-A16C-6D1ADDB6901D}.Release|Any CPU.ActiveCfg = Release|Any CPU
		{E6662ABD-5FE1-4EA8-A16C-6D1ADDB6901D}.Release|Any CPU.Build.0 = Release|Any CPU
		{C2D88812-B907-47B1-AB33-7F6AEF9A4A65}.Debug|Any CPU.ActiveCfg = Debug|Any CPU
		{C2D88812-B907-47B1-AB33-7F6AEF9A4A65}.Debug|Any CPU.Build.0 = Debug|Any CPU
		{C2D88812-B907-47B1-AB33-7F6AEF9A4A65}.Release|Any CPU.ActiveCfg = Release|Any CPU
		{C2D88812-B907-47B1-AB33-7F6AEF9A4A65}.Release|Any CPU.Build.0 = Release|Any CPU
	EndGlobalSection
	GlobalSection(SolutionProperties) = preSolution
		HideSolutionNode = FALSE
	EndGlobalSection
	GlobalSection(ExtensibilityGlobals) = postSolution
		SolutionGuid = {F1117F98-6D28-45B9-ACBE-1898DB6821A9}
	EndGlobalSection
EndGlobal
